
Microsoft Visual Studio Solution File, Format Version 12.00
# Visual Studio Version 17
VisualStudioVersion = 17.11.35219.272
MinimumVisualStudioVersion = 10.0.40219.1
Project("{FAE04EC0-301F-11D3-BF4B-00C04F79EFBC}") = "PlanDiagram", "PlanDiagram\PlanDiagram.csproj", "{2DC7AE31-D356-436E-8EBA-C55C186F45F4}"
EndProject
Project("{FAE04EC0-301F-11D3-BF4B-00C04F79EFBC}") = "PlanDiagram.WinForms", "PlanDiagram.WinForms\PlanDiagram.WinForms.csproj", "{4659B4A9-3D2B-4F67-B57C-C60C137ED821}"
EndProject
Project("{FAE04EC0-301F-11D3-BF4B-00C04F79EFBC}") = "TestDllWindows", "TestDllWindows\TestDllWindows.csproj", "{BAF950DC-DB34-4666-B5CC-D1F70A490ADC}"
EndProject
Global
	GlobalSection(SolutionConfigurationPlatforms) = preSolution
		Debug|Any CPU = Debug|Any CPU
		Release|Any CPU = Release|Any CPU
	EndGlobalSection
	GlobalSection(ProjectConfigurationPlatforms) = postSolution
		{2DC7AE31-D356-436E-8EBA-C55C186F45F4}.Debug|Any CPU.ActiveCfg = Debug|Any CPU
		{2DC7AE31-D356-436E-8EBA-C55C186F45F4}.Debug|Any CPU.Build.0 = Debug|Any CPU
		{2DC7AE31-D356-436E-8EBA-C55C186F45F4}.Release|Any CPU.ActiveCfg = Release|Any CPU
		{2DC7AE31-D356-436E-8EBA-C55C186F45F4}.Release|Any CPU.Build.0 = Release|Any CPU
		{4659B4A9-3D2B-4F67-B57C-C60C137ED821}.Debug|Any CPU.ActiveCfg = Debug|Any CPU
		{4659B4A9-3D2B-4F67-B57C-C60C137ED821}.Debug|Any CPU.Build.0 = Debug|Any CPU
		{4659B4A9-3D2B-4F67-B57C-C60C137ED821}.Release|Any CPU.ActiveCfg = Release|Any CPU
		{4659B4A9-3D2B-4F67-B57C-C60C137ED821}.Release|Any CPU.Build.0 = Release|Any CPU
		{BAF950DC-DB34-4666-B5CC-D1F70A490ADC}.Debug|Any CPU.ActiveCfg = Debug|Any CPU
		{BAF950DC-DB34-4666-B5CC-D1F70A490ADC}.Debug|Any CPU.Build.0 = Debug|Any CPU
		{BAF950DC-DB34-4666-B5CC-D1F70A490ADC}.Release|Any CPU.ActiveCfg = Release|Any CPU
		{BAF950DC-DB34-4666-B5CC-D1F70A490ADC}.Release|Any CPU.Build.0 = Release|Any CPU
	EndGlobalSection
	GlobalSection(SolutionProperties) = preSolution
		HideSolutionNode = FALSE
	EndGlobalSection
	GlobalSection(ExtensibilityGlobals) = postSolution
		SolutionGuid = {0170B8F5-D3E0-4A71-8CC5-CCC45F158E4D}
	EndGlobalSection
EndGlobal
